schema: '2.0'
stages:
  data_ingestion:
    cmd: python src/data/data_ingestion.py
    deps:
    - path: src/data/data_ingestion.py
      hash: md5
      md5: 574f3b9611f20b332e6eccadfbf7d9e9
      size: 1723
    params:
      params.yaml:
        data_ingestion.test_size: 0.2
    outs:
    - path: data/raw
      hash: md5
      md5: 5555179ba1adb98e191b98d9e115222b.dir
      size: 890259
      nfiles: 2
  data_processing:
    cmd: python src/data/data_processing.py
    deps:
    - path: data/raw
      hash: md5
      md5: 5555179ba1adb98e191b98d9e115222b.dir
      size: 890259
      nfiles: 2
    - path: src/data/data_processing.py
      hash: md5
      md5: bb5eb508461568f480742c174e84d065
      size: 1677
    outs:
    - path: data/interim
      hash: md5
      md5: 0747a870fe7f2205f1a342768f6513fb.dir
      size: 633126
      nfiles: 2
  feature_engineering:
    cmd: python src/features/feature_engineering.py
    deps:
    - path: data/interim
      hash: md5
      md5: 0747a870fe7f2205f1a342768f6513fb.dir
      size: 633126
      nfiles: 2
    - path: src/features/feature_engineering.py
      hash: md5
      md5: 9aac52f5ca402347ebbf36914980ddc2
      size: 2463
    params:
      params.yaml:
        feature_engineering.max_features: 2000
    outs:
    - path: data/processed
      hash: md5
      md5: 493508042ee44eb5c73654c2cd164cae.dir
      size: 41529610
      nfiles: 2
    - path: models/label_encoder.pkl
      hash: md5
      md5: 1ea0a5eb803c672b7cce40c4c1a94381
      size: 265
    - path: models/text_vectorizer.pkl
      hash: md5
      md5: 82e612ca8c04ccb040a46d477fd8212c
      size: 54973
  model_training:
    cmd: python src/model/train_model.py
    deps:
    - path: data/processed
      hash: md5
      md5: 493508042ee44eb5c73654c2cd164cae.dir
      size: 41529610
      nfiles: 2
    - path: src/model/train_model.py
      hash: md5
      md5: 4416ee560bd3962557f5d5aa2c3233bb
      size: 1333
    params:
      params.yaml:
        train_model.max_depth: 15
        train_model.model: randomforest
        train_model.n_estimators: 40
    outs:
    - path: models/emotion_detector_model.pkl
      hash: md5
      md5: 3d994cd7f6387d2ad3ec2ba1416424ea
      size: 796357
  model_evaluation:
    cmd: python src/model/eval_model.py
    deps:
    - path: models/emotion_detector_model.pkl
      hash: md5
      md5: 3d994cd7f6387d2ad3ec2ba1416424ea
      size: 796357
    - path: src/model/eval_model.py
      hash: md5
      md5: 422a570bec008e2056005948364373d5
      size: 3882
    params:
      params.yaml:
        model_eval.tracking_uri: 
          http://ec2-16-171-116-127.eu-north-1.compute.amazonaws.com:5000/
    outs:
    - path: reports/experiment_info.json
      hash: md5
      md5: b165a9145037a89e57fd53009ebf0bf0
      size: 79
    - path: reports/metrics.json
      hash: md5
      md5: 5e54c44308e28ef8ce4bbd4cc36092c0
      size: 360
  model_registery:
    cmd: python src/model/model_register.py
    deps:
    - path: reports/experiment_info.json
      hash: md5
      md5: b165a9145037a89e57fd53009ebf0bf0
      size: 79
    - path: src/model/model_register.py
      hash: md5
      md5: 1061565b929ce9bac48819502118b2e9
      size: 2377
    params:
      params.yaml:
        model_register.tracking_uri: 
          http://ec2-16-171-116-127.eu-north-1.compute.amazonaws.com:5000/
